// !$*UTF8*$!
{
	archiveVersion = 1;
	classes = {
	};
	objectVersion = 55;
	objects = {

/* Begin PBXBuildFile section */
		D820ADF72711FE6000AC6938 /* AppDelegate.swift in Sources */ = {isa = PBXBuildFile; fileRef = D820ADF62711FE6000AC6938 /* AppDelegate.swift */; };
		D820ADF92711FE6000AC6938 /* SceneDelegate.swift in Sources */ = {isa = PBXBuildFile; fileRef = D820ADF82711FE6000AC6938 /* SceneDelegate.swift */; };
		D820ADFB2711FE6000AC6938 /* ViewController.swift in Sources */ = {isa = PBXBuildFile; fileRef = D820ADFA2711FE6000AC6938 /* ViewController.swift */; };
		D820ADFE2711FE6000AC6938 /* Main.storyboard in Resources */ = {isa = PBXBuildFile; fileRef = D820ADFC2711FE6000AC6938 /* Main.storyboard */; };
		D820AE002711FE6100AC6938 /* Assets.xcassets in Resources */ = {isa = PBXBuildFile; fileRef = D820ADFF2711FE6100AC6938 /* Assets.xcassets */; };
		D820AE032711FE6100AC6938 /* LaunchScreen.storyboard in Resources */ = {isa = PBXBuildFile; fileRef = D820AE012711FE6100AC6938 /* LaunchScreen.storyboard */; };
		E90D77096F9CC25C5C232F93 /* Pods_RealmApp.framework in Frameworks */ = {isa = PBXBuildFile; fileRef = A583A48D84B4839529E84403 /* Pods_RealmApp.framework */; };
/* End PBXBuildFile section */

/* Begin PBXFileReference section */
		752FC3BDA87306CB3C569462 /* Pods-RealmApp.release.xcconfig */ = {isa = PBXFileReference; includeInIndex = 1; lastKnownFileType = text.xcconfig; name = "Pods-RealmApp.release.xcconfig"; path = "Target Support Files/Pods-RealmApp/Pods-RealmApp.release.xcconfig"; sourceTree = "<group>"; };
		A583A48D84B4839529E84403 /* Pods_RealmApp.framework */ = {isa = PBXFileReference; explicitFileType = wrapper.framework; includeInIndex = 0; path = Pods_RealmApp.framework; sourceTree = BUILT_PRODUCTS_DIR; };
		D820ADF32711FE6000AC6938 /* RealmApp.app */ = {isa = PBXFileReference; explicitFileType = wrapper.application; includeInIndex = 0; path = RealmApp.app; sourceTree = BUILT_PRODUCTS_DIR; };
		D820ADF62711FE6000AC6938 /* AppDelegate.swift */ = {isa = PBXFileReference; lastKnownFileType = sourcecode.swift; path = AppDelegate.swift; sourceTree = "<group>"; };
		D820ADF82711FE6000AC6938 /* SceneDelegate.swift */ = {isa = PBXFileReference; lastKnownFileType = sourcecode.swift; path = SceneDelegate.swift; sourceTree = "<group>"; };
		D820ADFA2711FE6000AC6938 /* ViewController.swift */ = {isa = PBXFileReference; lastKnownFileType = sourcecode.swift; path = ViewController.swift; sourceTree = "<group>"; };
		D820ADFD2711FE6000AC6938 /* Base */ = {isa = PBXFileReference; lastKnownFileType = file.storyboard; name = Base; path = Base.lproj/Main.storyboard; sourceTree = "<group>"; };
		D820ADFF2711FE6100AC6938 /* Assets.xcassets */ = {isa = PBXFileReference; lastKnownFileType = folder.assetcatalog; path = Assets.xcassets; sourceTree = "<group>"; };
		D820AE022711FE6100AC6938 /* Base */ = {isa = PBXFileReference; lastKnownFileType = file.storyboard; name = Base; path = Base.lproj/LaunchScreen.storyboard; sourceTree = "<group>"; };
		D820AE042711FE6100AC6938 /* Info.plist */ = {isa = PBXFileReference; lastKnownFileType = text.plist.xml; path = Info.plist; sourceTree = "<group>"; };
		F1C1B1D3764285911A945931 /* Pods-RealmApp.debug.xcconfig */ = {isa = PBXFileReference; includeInIndex = 1; lastKnownFileType = text.xcconfig; name = "Pods-RealmApp.debug.xcconfig"; path = "Target Support Files/Pods-RealmApp/Pods-RealmApp.debug.xcconfig"; sourceTree = "<group>"; };
/* End PBXFileReference section */

/* Begin PBXFrameworksBuildPhase section */
		D820ADF02711FE6000AC6938 /* Frameworks */ = {
			isa = PBXFrameworksBuildPhase;
			buildActionMask = 2147483647;
			files = (
				E90D77096F9CC25C5C232F93 /* Pods_RealmApp.framework in Frameworks */,
			);
			runOnlyForDeploymentPostprocessing = 0;
		};
/* End PBXFrameworksBuildPhase section */

/* Begin PBXGroup section */
		47D846F06B7BCB1686BDE394 /* Pods */ = {
			isa = PBXGroup;
			children = (
				F1C1B1D3764285911A945931 /* Pods-RealmApp.debug.xcconfig */,
				752FC3BDA87306CB3C569462 /* Pods-RealmApp.release.xcconfig */,
			);
			path = Pods;
			sourceTree = "<group>";
		};
		AD4A083163B20A1537C72D92 /* Frameworks */ = {
			isa = PBXGroup;
			children = (
				A583A48D84B4839529E84403 /* Pods_RealmApp.framework */,
			);
			name = Frameworks;
			sourceTree = "<group>";
		};
		D820ADEA2711FE6000AC6938 = {
			isa = PBXGroup;
			children = (
				D820ADF52711FE6000AC6938 /* RealmApp */,
				D820ADF42711FE6000AC6938 /* Products */,
				47D846F06B7BCB1686BDE394 /* Pods */,
				AD4A083163B20A1537C72D92 /* Frameworks */,
			);
			sourceTree = "<group>";
		};
		D820ADF42711FE6000AC6938 /* Products */ = {
			isa = PBXGroup;
			children = (
				D820ADF32711FE6000AC6938 /* RealmApp.app */,
			);
			name = Products;
			sourceTree = "<group>";
		};
		D820ADF52711FE6000AC6938 /* RealmApp */ = {
			isa = PBXGroup;
			children = (
				D820AE0B2712012200AC6938 /* App */,
				D820AE0C2712012E00AC6938 /* ViewControllers */,
				D820AE0D2712013A00AC6938 /* StoryBoards */,
				D820AE0E2712014A00AC6938 /* Resources */,
			);
			path = RealmApp;
			sourceTree = "<group>";
		};
		D820AE0B2712012200AC6938 /* App */ = {
			isa = PBXGroup;
			children = (
				D820AE042711FE6100AC6938 /* Info.plist */,
				D820ADF62711FE6000AC6938 /* AppDelegate.swift */,
				D820ADF82711FE6000AC6938 /* SceneDelegate.swift */,
			);
			path = App;
			sourceTree = "<group>";
		};
		D820AE0C2712012E00AC6938 /* ViewControllers */ = {
			isa = PBXGroup;
			children = (
				D820ADFA2711FE6000AC6938 /* ViewController.swift */,
			);
			path = ViewControllers;
			sourceTree = "<group>";
		};
		D820AE0D2712013A00AC6938 /* StoryBoards */ = {
			isa = PBXGroup;
			children = (
				D820AE012711FE6100AC6938 /* LaunchScreen.storyboard */,
				D820ADFC2711FE6000AC6938 /* Main.storyboard */,
			);
			path = StoryBoards;
			sourceTree = "<group>";
		};
		D820AE0E2712014A00AC6938 /* Resources */ = {
			isa = PBXGroup;
			children = (
				D820ADFF2711FE6100AC6938 /* Assets.xcassets */,
			);
			path = Resources;
			sourceTree = "<group>";
		};
/* End PBXGroup section */

/* Begin PBXNativeTarget section */
		D820ADF22711FE6000AC6938 /* RealmApp */ = {
			isa = PBXNativeTarget;
			buildConfigurationList = D820AE072711FE6100AC6938 /* Build configuration list for PBXNativeTarget "RealmApp" */;
			buildPhases = (
				05A0BBB91A5D9E2F700F8442 /* [CP] Check Pods Manifest.lock */,
				D820ADEF2711FE6000AC6938 /* Sources */,
				D820ADF02711FE6000AC6938 /* Frameworks */,
				D820ADF12711FE6000AC6938 /* Resources */,
				83862BEA63B36118DA52A517 /* [CP] Embed Pods Frameworks */,
			);
			buildRules = (
			);
			dependencies = (
			);
			name = RealmApp;
			productName = RealmApp;
			productReference = D820ADF32711FE6000AC6938 /* RealmApp.app */;
			productType = "com.apple.product-type.application";
		};
/* End PBXNativeTarget section */

/* Begin PBXProject section */
		D820ADEB2711FE6000AC6938 /* Project object */ = {
			isa = PBXProject;
			attributes = {
				BuildIndependentTargetsInParallel = 1;
				LastSwiftUpdateCheck = 1300;
				LastUpgradeCheck = 1300;
				TargetAttributes = {
					D820ADF22711FE6000AC6938 = {
						CreatedOnToolsVersion = 13.0;
					};
				};
			};
			buildConfigurationList = D820ADEE2711FE6000AC6938 /* Build configuration list for PBXProject "RealmApp" */;
			compatibilityVersion = "Xcode 13.0";
			developmentRegion = en;
			hasScannedForEncodings = 0;
			knownRegions = (
				en,
				Base,
			);
			mainGroup = D820ADEA2711FE6000AC6938;
			productRefGroup = D820ADF42711FE6000AC6938 /* Products */;
			projectDirPath = "";
			projectRoot = "";
			targets = (
				D820ADF22711FE6000AC6938 /* RealmApp */,
			);
		};
/* End PBXProject section */

/* Begin PBXResourcesBuildPhase section */
		D820ADF12711FE6000AC6938 /* Resources */ = {
			isa = PBXResourcesBuildPhase;
			buildActionMask = 2147483647;
			files = (
				D820AE032711FE6100AC6938 /* LaunchScreen.storyboard in Resources */,
				D820AE002711FE6100AC6938 /* Assets.xcassets in Resources */,
				D820ADFE2711FE6000AC6938 /* Main.storyboard in Resources */,
			);
			runOnlyForDeploymentPostprocessing = 0;
		};
/* End PBXResourcesBuildPhase section */

/* Begin PBXShellScriptBuildPhase section */
		05A0BBB91A5D9E2F700F8442 /* [CP] Check Pods Manifest.lock */ = {
			isa = PBXShellScriptBuildPhase;
			buildActionMask = 2147483647;
			files = (
			);
			inputFileListPaths = (
			);
			inputPaths = (
				"${PODS_PODFILE_DIR_PATH}/Podfile.lock",
				"${PODS_ROOT}/Manifest.lock",
			);
			name = "[CP] Check Pods Manifest.lock";
			outputFileListPaths = (
			);
			outputPaths = (
				"$(DERIVED_FILE_DIR)/Pods-RealmApp-checkManifestLockResult.txt",
			);
			runOnlyForDeploymentPostprocessing = 0;
			shellPath = /bin/sh;
			shellScript = "diff \"${PODS_PODFILE_DIR_PATH}/Podfile.lock\" \"${PODS_ROOT}/Manifest.lock\" > /dev/null\nif [ $? != 0 ] ; then\n    # print error to STDERR\n    echo \"error: The sandbox is not in sync with the Podfile.lock. Run 'pod install' or update your CocoaPods installation.\" >&2\n    exit 1\nfi\n# This output is used by Xcode 'outputs' to avoid re-running this script phase.\necho \"SUCCESS\" > \"${SCRIPT_OUTPUT_FILE_0}\"\n";
			showEnvVarsInLog = 0;
		};
		83862BEA63B36118DA52A517 /* [CP] Embed Pods Frameworks */ = {
			isa = PBXShellScriptBuildPhase;
			buildActionMask = 2147483647;
			files = (
			);
			inputFileListPaths = (
				"${PODS_ROOT}/Target Support Files/Pods-RealmApp/Pods-RealmApp-frameworks-${CONFIGURATION}-input-files.xcfilelist",
			);
			name = "[CP] Embed Pods Frameworks";
			outputFileListPaths = (
				"${PODS_ROOT}/Target Support Files/Pods-RealmApp/Pods-RealmApp-frameworks-${CONFIGURATION}-output-files.xcfilelist",
			);
			runOnlyForDeploymentPostprocessing = 0;
			shellPath = /bin/sh;
			shellScript = "\"${PODS_ROOT}/Target Support Files/Pods-RealmApp/Pods-RealmApp-frameworks.sh\"\n";
			showEnvVarsInLog = 0;
		};
/* End PBXShellScriptBuildPhase section */

/* Begin PBXSourcesBuildPhase section */
		D820ADEF2711FE6000AC6938 /* Sources */ = {
			isa = PBXSourcesBuildPhase;
			buildActionMask = 2147483647;
			files = (
				D820ADFB2711FE6000AC6938 /* ViewController.swift in Sources */,
				D820ADF72711FE6000AC6938 /* AppDelegate.swift in Sources */,
				D820ADF92711FE6000AC6938 /* SceneDelegate.swift in Sources */,
			);
			runOnlyForDeploymentPostprocessing = 0;
		};
/* End PBXSourcesBuildPhase section */

/* Begin PBXVariantGroup section */
		D820ADFC2711FE6000AC6938 /* Main.storyboard */ = {
			isa = PBXVariantGroup;
			children = (
				D820ADFD2711FE6000AC6938 /* Base */,
			);
			name = Main.storyboard;
			sourceTree = "<group>";
		};
		D820AE012711FE6100AC6938 /* LaunchScreen.storyboard */ = {
			isa = PBXVariantGroup;
			children = (
				D820AE022711FE6100AC6938 /* Base */,
			);
			name = LaunchScreen.storyboard;
			sourceTree = "<group>";
		};
/* End PBXVariantGroup section */

/* Begin XCBuildConfiguration section */
		D820AE052711FE6100AC6938 /* Debug */ = {
			isa = XCBuildConfiguration;
			buildSettings = {
				ALWAYS_SEARCH_USER_PATHS = NO;
				CLANG_ANALYZER_NONNULL = YES;
				CLANG_ANALYZER_NUMBER_OBJECT_CONVERSION = YES_AGGRESSIVE;
				CLANG_CXX_LANGUAGE_STANDARD = "gnu++17";
				CLANG_CXX_LIBRARY = "libc++";
				CLANG_ENABLE_MODULES = YES;
				CLANG_ENABLE_OBJC_ARC = YES;
				CLANG_ENABLE_OBJC_WEAK = YES;
				CLANG_WARN_BLOCK_CAPTURE_AUTORELEASING = YES;
				CLANG_WARN_BOOL_CONVERSION = YES;
				CLANG_WARN_COMMA = YES;
				CLANG_WARN_CONSTANT_CONVERSION = YES;
				CLANG_WARN_DEPRECATED_OBJC_IMPLEMENTATIONS = YES;
				CLANG_WARN_DIRECT_OBJC_ISA_USAGE = YES_ERROR;
				CLANG_WARN_DOCUMENTATION_COMMENTS = YES;
				CLANG_WARN_EMPTY_BODY = YES;
				CLANG_WARN_ENUM_CONVERSION = YES;
				CLANG_WARN_INFINITE_RECURSION = YES;
				CLANG_WARN_INT_CONVERSION = YES;
				CLANG_WARN_NON_LITERAL_NULL_CONVERSION = YES;
				CLANG_WARN_OBJC_IMPLICIT_RETAIN_SELF = YES;
				CLANG_WARN_OBJC_LITERAL_CONVERSION = YES;
				CLANG_WARN_OBJC_ROOT_CLASS = YES_ERROR;
				CLANG_WARN_QUOTED_INCLUDE_IN_FRAMEWORK_HEADER = YES;
				CLANG_WARN_RANGE_LOOP_ANALYSIS = YES;
				CLANG_WARN_STRICT_PROTOTYPES = YES;
				CLANG_WARN_SUSPICIOUS_MOVE = YES;
				CLANG_WARN_UNGUARDED_AVAILABILITY = YES_AGGRESSIVE;
				CLANG_WARN_UNREACHABLE_CODE = YES;
				CLANG_WARN__DUPLICATE_METHOD_MATCH = YES;
				COPY_PHASE_STRIP = NO;
				DEBUG_INFORMATION_FORMAT = dwarf;
				ENABLE_STRICT_OBJC_MSGSEND = YES;
				ENABLE_TESTABILITY = YES;
				GCC_C_LANGUAGE_STANDARD = gnu11;
				GCC_DYNAMIC_NO_PIC = NO;
				GCC_NO_COMMON_BLOCKS = YES;
				GCC_OPTIMIZATION_LEVEL = 0;
				GCC_PREPROCESSOR_DEFINITIONS = (
					"DEBUG=1",
					"$(inherited)",
				);
				GCC_WARN_64_TO_32_BIT_CONVERSION = YES;
				GCC_WARN_ABOUT_RETURN_TYPE = YES_ERROR;
				GCC_WARN_UNDECLARED_SELECTOR = YES;
				GCC_WARN_UNINITIALIZED_AUTOS = YES_AGGRESSIVE;
				GCC_WARN_UNUSED_FUNCTION = YES;
				GCC_WARN_UNUSED_VARIABLE = YES;
				IPHONEOS_DEPLOYMENT_TARGET = 15.0;
				MTL_ENABLE_DEBUG_INFO = INCLUDE_SOURCE;
				MTL_FAST_MATH = YES;
				ONLY_ACTIVE_ARCH = YES;
				SDKROOT = iphoneos;
				SWIFT_ACTIVE_COMPILATION_CONDITIONS = DEBUG;
				SWIFT_OPTIMIZATION_LEVEL = "-Onone";
			};
			name = Debug;
		};
		D820AE062711FE6100AC6938 /* Release */ = {
			isa = XCBuildConfiguration;
			buildSettings = {
				ALWAYS_SEARCH_USER_PATHS = NO;
				CLANG_ANALYZER_NONNULL = YES;
				CLANG_ANALYZER_NUMBER_OBJECT_CONVERSION = YES_AGGRESSIVE;
				CLANG_CXX_LANGUAGE_STANDARD = "gnu++17";
				CLANG_CXX_LIBRARY = "libc++";
				CLANG_ENABLE_MODULES = YES;
				CLANG_ENABLE_OBJC_ARC = YES;
				CLANG_ENABLE_OBJC_WEAK = YES;
				CLANG_WARN_BLOCK_CAPTURE_AUTORELEASING = YES;
				CLANG_WARN_BOOL_CONVERSION = YES;
				CLANG_WARN_COMMA = YES;
				CLANG_WARN_CONSTANT_CONVERSION = YES;
				CLANG_WARN_DEPRECATED_OBJC_IMPLEMENTATIONS = YES;
				CLANG_WARN_DIRECT_OBJC_ISA_USAGE = YES_ERROR;
				CLANG_WARN_DOCUMENTATION_COMMENTS = YES;
				CLANG_WARN_EMPTY_BODY = YES;
				CLANG_WARN_ENUM_CONVERSION = YES;
				CLANG_WARN_INFINITE_RECURSION = YES;
				CLANG_WARN_INT_CONVERSION = YES;
				CLANG_WARN_NON_LITERAL_NULL_CONVERSION = YES;
				CLANG_WARN_OBJC_IMPLICIT_RETAIN_SELF = YES;
				CLANG_WARN_OBJC_LITERAL_CONVERSION = YES;
				CLANG_WARN_OBJC_ROOT_CLASS = YES_ERROR;
				CLANG_WARN_QUOTED_INCLUDE_IN_FRAMEWORK_HEADER = YES;
				CLANG_WARN_RANGE_LOOP_ANALYSIS = YES;
				CLANG_WARN_STRICT_PROTOTYPES = YES;
				CLANG_WARN_SUSPICIOUS_MOVE = YES;
				CLANG_WARN_UNGUARDED_AVAILABILITY = YES_AGGRESSIVE;
				CLANG_WARN_UNREACHABLE_CODE = YES;
				CLANG_WARN__DUPLICATE_METHOD_MATCH = YES;
				COPY_PHASE_STRIP = NO;
				DEBUG_INFORMATION_FORMAT = "dwarf-with-dsym";
				ENABLE_NS_ASSERTIONS = NO;
				ENABLE_STRICT_OBJC_MSGSEND = YES;
				GCC_C_LANGUAGE_STANDARD = gnu11;
				GCC_NO_COMMON_BLOCKS = YES;
				GCC_WARN_64_TO_32_BIT_CONVERSION = YES;
				GCC_WARN_ABOUT_RETURN_TYPE = YES_ERROR;
				GCC_WARN_UNDECLARED_SELECTOR = YES;
				GCC_WARN_UNINITIALIZED_AUTOS = YES_AGGRESSIVE;
				GCC_WARN_UNUSED_FUNCTION = YES;
				GCC_WARN_UNUSED_VARIABLE = YES;
				IPHONEOS_DEPLOYMENT_TARGET = 15.0;
				MTL_ENABLE_DEBUG_INFO = NO;
				MTL_FAST_MATH = YES;
				SDKROOT = iphoneos;
				SWIFT_COMPILATION_MODE = wholemodule;
				SWIFT_OPTIMIZATION_LEVEL = "-O";
				VALIDATE_PRODUCT = YES;
			};
			name = Release;
		};
		D820AE082711FE6100AC6938 /* Debug */ = {
			isa = XCBuildConfiguration;
			baseConfigurationReference = F1C1B1D3764285911A945931 /* Pods-RealmApp.debug.xcconfig */;
			buildSettings = {
				ASSETCATALOG_COMPILER_APPICON_NAME = AppIcon;
				ASSETCATALOG_COMPILER_GLOBAL_ACCENT_COLOR_NAME = AccentColor;
				CODE_SIGN_STYLE = Automatic;
				CURRENT_PROJECT_VERSION = 1;
				DEVELOPMENT_TEAM = RV92NSXQKZ;
				GENERATE_INFOPLIST_FILE = YES;
				INFOPLIST_FILE = RealmApp/App/Info.plist;
				INFOPLIST_KEY_UIApplicationSupportsIndirectInputEvents = YES;
				INFOPLIST_KEY_UILaunchStoryboardName = LaunchScreen;
				INFOPLIST_KEY_UIMainStoryboardFile = Main;
				INFOPLIST_KEY_UISupportedInterfaceOrientations_iPad = "UIInterfaceOrientationPortrait UIInterfaceOrientationPortraitUpsideDown UIInterfaceOrientationLandscapeLeft UIInterfaceOrientationLandscapeRight";
				INFOPLIST_KEY_UISupportedInterfaceOrientations_iPhone = "UIInterfaceOrientationPortrait UIInterfaceOrientationLandscapeLeft UIInterfaceOrientationLandscapeRight";
				LD_RUNPATH_SEARCH_PATHS = (
					"$(inherited)",
					"@executable_path/Frameworks",
				);
				MARKETING_VERSION = 1.0;
				PRODUCT_BUNDLE_IDENTIFIER = ru.nechaev.RealmApp;
				PRODUCT_NAME = "$(TARGET_NAME)";
				SWIFT_EMIT_LOC_STRINGS = YES;
				SWIFT_VERSION = 5.0;
				TARGETED_DEVICE_FAMILY = "1,2";
			};
			name = Debug;
		};
		D820AE092711FE6100AC6938 /* Release */ = {
			isa = XCBuildConfiguration;
			baseConfigurationReference = 752FC3BDA87306CB3C569462 /* Pods-RealmApp.release.xcconfig */;
			buildSettings = {
				ASSETCATALOG_COMPILER_APPICON_NAME = AppIcon;
				ASSETCATALOG_COMPILER_GLOBAL_ACCENT_COLOR_NAME = AccentColor;
				CODE_SIGN_STYLE = Automatic;
				CURRENT_PROJECT_VERSION = 1;
				DEVELOPMENT_TEAM = RV92NSXQKZ;
				GENERATE_INFOPLIST_FILE = YES;
				INFOPLIST_FILE = RealmApp/App/Info.plist;
				INFOPLIST_KEY_UIApplicationSupportsIndirectInputEvents = YES;
				INFOPLIST_KEY_UILaunchStoryboardName = LaunchScreen;
				INFOPLIST_KEY_UIMainStoryboardFile = Main;
				INFOPLIST_KEY_UISupportedInterfaceOrientations_iPad = "UIInterfaceOrientationPortrait UIInterfaceOrientationPortraitUpsideDown UIInterfaceOrientationLandscapeLeft UIInterfaceOrientationLandscapeRight";
				INFOPLIST_KEY_UISupportedInterfaceOrientations_iPhone = "UIInterfaceOrientationPortrait UIInterfaceOrientationLandscapeLeft UIInterfaceOrientationLandscapeRight";
				LD_RUNPATH_SEARCH_PATHS = (
					"$(inherited)",
					"@executable_path/Frameworks",
				);
				MARKETING_VERSION = 1.0;
				PRODUCT_BUNDLE_IDENTIFIER = ru.nechaev.RealmApp;
				PRODUCT_NAME = "$(TARGET_NAME)";
				SWIFT_EMIT_LOC_STRINGS = YES;
				SWIFT_VERSION = 5.0;
				TARGETED_DEVICE_FAMILY = "1,2";
			};
			name = Release;
		};
/* End XCBuildConfiguration section */

/* Begin XCConfigurationList section */
		D820ADEE2711FE6000AC6938 /* Build configuration list for PBXProject "RealmApp" */ = {
			isa = XCConfigurationList;
			buildConfigurations = (
				D820AE052711FE6100AC6938 /* Debug */,
				D820AE062711FE6100AC6938 /* Release */,
			);
			defaultConfigurationIsVisible = 0;
			defaultConfigurationName = Release;
		};
		D820AE072711FE6100AC6938 /* Build configuration list for PBXNativeTarget "RealmApp" */ = {
			isa = XCConfigurationList;
			buildConfigurations = (
				D820AE082711FE6100AC6938 /* Debug */,
				D820AE092711FE6100AC6938 /* Release */,
			);
			defaultConfigurationIsVisible = 0;
			defaultConfigurationName = Release;
		};
/* End XCConfigurationList section */
	};
	rootObject = D820ADEB2711FE6000AC6938 /* Project object */;
}
